
Microsoft Visual Studio Solution File, Format Version 12.00
# Visual Studio Version 17
VisualStudioVersion = 17.3.32901.215
MinimumVisualStudioVersion = 10.0.40219.1
Project("{FAE04EC0-301F-11D3-BF4B-00C04F79EFBC}") = "BookStoreProject", "BookStoreProject\BookStoreProject.csproj", "{809FF091-DB8A-4708-B7D4-4D43B209F1B9}"
EndProject
Global
	GlobalSection(SolutionConfigurationPlatforms) = preSolution
		Debug|Any CPU = Debug|Any CPU
		Release|Any CPU = Release|Any CPU
	EndGlobalSection
	GlobalSection(ProjectConfigurationPlatforms) = postSolution
		{809FF091-DB8A-4708-B7D4-4D43B209F1B9}.Debug|Any CPU.ActiveCfg = Debug|Any CPU
		{809FF091-DB8A-4708-B7D4-4D43B209F1B9}.Debug|Any CPU.Build.0 = Debug|Any CPU
		{809FF091-DB8A-4708-B7D4-4D43B209F1B9}.Release|Any CPU.ActiveCfg = Release|Any CPU
		{809FF091-DB8A-4708-B7D4-4D43B209F1B9}.Release|Any CPU.Build.0 = Release|Any CPU
	EndGlobalSection
	GlobalSection(SolutionProperties) = preSolution
		HideSolutionNode = FALSE
	EndGlobalSection
	GlobalSection(ExtensibilityGlobals) = postSolution
		SolutionGuid = {8E9AB2A4-99E1-4EB8-8CA9-60D46C498353}
	EndGlobalSection
EndGlobal
